<?xml version="1.0" encoding="UTF-8" standalone="yes" ?>
<CodeBlocks_project_file>
	<FileVersion major="1" minor="6" />
	<Project>
		<Option title="e1c83-form-gtk" />
		<Option pch_mode="2" />
		<Option compiler="gcc" />
		<Build>
			<Target title="Debug">
				<Option output="bin/Debug/e1c83-form-gtk" prefix_auto="1" extension_auto="1" />
				<Option object_output="obj/Debug/" />
				<Option type="1" />
				<Option compiler="gcc" />
				<Compiler>
					<Add option="-g" />
				</Compiler>
			</Target>
			<Target title="Release">
				<Option output="bin/Release/e1c83-form-gtk" prefix_auto="1" extension_auto="1" />
				<Option object_output="obj/Release/" />
				<Option type="0" />
				<Option compiler="gcc" />
				<Compiler>
					<Add option="-O2" />
				</Compiler>
				<Linker>
					<Add option="-s" />
				</Linker>
			</Target>
		</Build>
		<Compiler>
			<Add option="-Wall" />
			<Add option="-mms-bitfields" />
			<Add option="`pkg-config --cflags gtk+-2.0`" />
			<Add option="`pkg-config --cflags libxml-2.0`" />
			<Add directory="C:/home/gtkmm/include" />
			<Add directory="C:/home/gtkmm/include/gtk-2.0" />
			<Add directory="C:/home/gtkmm/include/cairo" />
			<Add directory="C:/home/gtkmm/include/gdk" />
			<Add directory="C:/home/gtkmm/include/glib-2.0" />
			<Add directory="C:/home/gtkmm/lib/glib-2.0/include" />
			<Add directory="C:/home/gtkmm/include/pango-1.0" />
			<Add directory="C:/home/gtkmm/lib/gtk-2.0/include" />
			<Add directory="C:/home/gtkmm/include/atk-1.0" />
			<Add directory="C:/home/gtkmm/include/gdk-pixbuf-2.0" />
			<Add directory="C:/home/gtkmm/include/libxml2" />
		</Compiler>
		<Linker>
			<Add option="`pkg-config --libs gtk+-2.0`" />
			<Add option="`pkg-config --libs libxml-2.0`" />
			<Add directory="C:/home/gtkmm/lib" />
		</Linker>
		<Unit filename="main.c">
			<Option compilerVar="CC" />
		</Unit>
		<Extensions>
			<code_completion />
			<envvars />
			<debugger />
			<lib_finder disable_auto="1" />
		</Extensions>
	</Project>
</CodeBlocks_project_file>
